// !$*UTF8*$!
{
	archiveVersion = 1;
	classes = {
	};
	objectVersion = 51;
	objects = {

/* Begin PBXBuildFile section */
		045622FBA0247F0A10EABDCA /* Pods_CovidApp.framework in Frameworks */ = {isa = PBXBuildFile; fileRef = 83BD078D87A22C0429E50F9C /* Pods_CovidApp.framework */; };
		D6526DD02603970B00CEAA47 /* AppDelegate.swift in Sources */ = {isa = PBXBuildFile; fileRef = D6526DCF2603970B00CEAA47 /* AppDelegate.swift */; };
		D6526DD22603970B00CEAA47 /* SceneDelegate.swift in Sources */ = {isa = PBXBuildFile; fileRef = D6526DD12603970B00CEAA47 /* SceneDelegate.swift */; };
		D6526DD42603970B00CEAA47 /* ViewController.swift in Sources */ = {isa = PBXBuildFile; fileRef = D6526DD32603970B00CEAA47 /* ViewController.swift */; };
		D6526DD72603970B00CEAA47 /* Main.storyboard in Resources */ = {isa = PBXBuildFile; fileRef = D6526DD52603970B00CEAA47 /* Main.storyboard */; };
		D6526DD92603970C00CEAA47 /* Assets.xcassets in Resources */ = {isa = PBXBuildFile; fileRef = D6526DD82603970C00CEAA47 /* Assets.xcassets */; };
		D6526DDC2603970C00CEAA47 /* LaunchScreen.storyboard in Resources */ = {isa = PBXBuildFile; fileRef = D6526DDA2603970C00CEAA47 /* LaunchScreen.storyboard */; };
		D6526DE72603990200CEAA47 /* Colors.swift in Sources */ = {isa = PBXBuildFile; fileRef = D6526DE62603990200CEAA47 /* Colors.swift */; };
		D666C7A4260862EE0082E76E /* HealthCheckViewController.swift in Sources */ = {isa = PBXBuildFile; fileRef = D666C7A3260862EE0082E76E /* HealthCheckViewController.swift */; };
		D6775F922604F70E00EFFCD2 /* Entity.swift in Sources */ = {isa = PBXBuildFile; fileRef = D6775F912604F70E00EFFCD2 /* Entity.swift */; };
		D6775F962604F8FD00EFFCD2 /* API.swift in Sources */ = {isa = PBXBuildFile; fileRef = D6775F952604F8FD00EFFCD2 /* API.swift */; };
/* End PBXBuildFile section */

/* Begin PBXFileReference section */
		65C737EACE89469840648869 /* Pods-CovidApp.debug.xcconfig */ = {isa = PBXFileReference; includeInIndex = 1; lastKnownFileType = text.xcconfig; name = "Pods-CovidApp.debug.xcconfig"; path = "Target Support Files/Pods-CovidApp/Pods-CovidApp.debug.xcconfig"; sourceTree = "<group>"; };
		83BD078D87A22C0429E50F9C /* Pods_CovidApp.framework */ = {isa = PBXFileReference; explicitFileType = wrapper.framework; includeInIndex = 0; path = Pods_CovidApp.framework; sourceTree = BUILT_PRODUCTS_DIR; };
		D6526DCC2603970B00CEAA47 /* CovidApp.app */ = {isa = PBXFileReference; explicitFileType = wrapper.application; includeInIndex = 0; path = CovidApp.app; sourceTree = BUILT_PRODUCTS_DIR; };
		D6526DCF2603970B00CEAA47 /* AppDelegate.swift */ = {isa = PBXFileReference; lastKnownFileType = sourcecode.swift; path = AppDelegate.swift; sourceTree = "<group>"; };
		D6526DD12603970B00CEAA47 /* SceneDelegate.swift */ = {isa = PBXFileReference; lastKnownFileType = sourcecode.swift; path = SceneDelegate.swift; sourceTree = "<group>"; };
		D6526DD32603970B00CEAA47 /* ViewController.swift */ = {isa = PBXFileReference; lastKnownFileType = sourcecode.swift; path = ViewController.swift; sourceTree = "<group>"; };
		D6526DD62603970B00CEAA47 /* Base */ = {isa = PBXFileReference; lastKnownFileType = file.storyboard; name = Base; path = Base.lproj/Main.storyboard; sourceTree = "<group>"; };
		D6526DD82603970C00CEAA47 /* Assets.xcassets */ = {isa = PBXFileReference; lastKnownFileType = folder.assetcatalog; path = Assets.xcassets; sourceTree = "<group>"; };
		D6526DDB2603970C00CEAA47 /* Base */ = {isa = PBXFileReference; lastKnownFileType = file.storyboard; name = Base; path = Base.lproj/LaunchScreen.storyboard; sourceTree = "<group>"; };
		D6526DDD2603970C00CEAA47 /* Info.plist */ = {isa = PBXFileReference; lastKnownFileType = text.plist.xml; path = Info.plist; sourceTree = "<group>"; };
		D6526DE62603990200CEAA47 /* Colors.swift */ = {isa = PBXFileReference; lastKnownFileType = sourcecode.swift; path = Colors.swift; sourceTree = "<group>"; };
		D666C7A3260862EE0082E76E /* HealthCheckViewController.swift */ = {isa = PBXFileReference; lastKnownFileType = sourcecode.swift; path = HealthCheckViewController.swift; sourceTree = "<group>"; };
		D6775F912604F70E00EFFCD2 /* Entity.swift */ = {isa = PBXFileReference; lastKnownFileType = sourcecode.swift; path = Entity.swift; sourceTree = "<group>"; };
		D6775F952604F8FD00EFFCD2 /* API.swift */ = {isa = PBXFileReference; lastKnownFileType = sourcecode.swift; path = API.swift; sourceTree = "<group>"; };
		FEF9966ABDCB21F9B0FF4FDF /* Pods-CovidApp.release.xcconfig */ = {isa = PBXFileReference; includeInIndex = 1; lastKnownFileType = text.xcconfig; name = "Pods-CovidApp.release.xcconfig"; path = "Target Support Files/Pods-CovidApp/Pods-CovidApp.release.xcconfig"; sourceTree = "<group>"; };
/* End PBXFileReference section */

/* Begin PBXFrameworksBuildPhase section */
		D6526DC92603970B00CEAA47 /* Frameworks */ = {
			isa = PBXFrameworksBuildPhase;
			buildActionMask = 2147483647;
			files = (
				045622FBA0247F0A10EABDCA /* Pods_CovidApp.framework in Frameworks */,
			);
			runOnlyForDeploymentPostprocessing = 0;
		};
/* End PBXFrameworksBuildPhase section */

/* Begin PBXGroup section */
		7294866FCDFCC8ADE65639BC /* Frameworks */ = {
			isa = PBXGroup;
			children = (
				83BD078D87A22C0429E50F9C /* Pods_CovidApp.framework */,
			);
			name = Frameworks;
			sourceTree = "<group>";
		};
		82B02CD4E6801403F18C64E4 /* Pods */ = {
			isa = PBXGroup;
			children = (
				65C737EACE89469840648869 /* Pods-CovidApp.debug.xcconfig */,
				FEF9966ABDCB21F9B0FF4FDF /* Pods-CovidApp.release.xcconfig */,
			);
			path = Pods;
			sourceTree = "<group>";
		};
		D6526DC32603970B00CEAA47 = {
			isa = PBXGroup;
			children = (
				D6526DCE2603970B00CEAA47 /* CovidApp */,
				D6526DCD2603970B00CEAA47 /* Products */,
				82B02CD4E6801403F18C64E4 /* Pods */,
				7294866FCDFCC8ADE65639BC /* Frameworks */,
			);
			sourceTree = "<group>";
		};
		D6526DCD2603970B00CEAA47 /* Products */ = {
			isa = PBXGroup;
			children = (
				D6526DCC2603970B00CEAA47 /* CovidApp.app */,
			);
			name = Products;
			sourceTree = "<group>";
		};
		D6526DCE2603970B00CEAA47 /* CovidApp */ = {
			isa = PBXGroup;
			children = (
				D6C1C688260834A400A9D548 /* ModelAPI */,
				D6526DE62603990200CEAA47 /* Colors.swift */,
				D6526DCF2603970B00CEAA47 /* AppDelegate.swift */,
				D6526DD12603970B00CEAA47 /* SceneDelegate.swift */,
				D6526DD32603970B00CEAA47 /* ViewController.swift */,
				D666C7A3260862EE0082E76E /* HealthCheckViewController.swift */,
				D6526DD52603970B00CEAA47 /* Main.storyboard */,
				D6526DD82603970C00CEAA47 /* Assets.xcassets */,
				D6526DDA2603970C00CEAA47 /* LaunchScreen.storyboard */,
				D6526DDD2603970C00CEAA47 /* Info.plist */,
			);
			path = CovidApp;
			sourceTree = "<group>";
		};
		D6C1C688260834A400A9D548 /* ModelAPI */ = {
			isa = PBXGroup;
			children = (
				D6775F952604F8FD00EFFCD2 /* API.swift */,
				D6775F912604F70E00EFFCD2 /* Entity.swift */,
			);
			path = ModelAPI;
			sourceTree = "<group>";
		};
/* End PBXGroup section */

/* Begin PBXNativeTarget section */
		D6526DCB2603970B00CEAA47 /* CovidApp */ = {
			isa = PBXNativeTarget;
			buildConfigurationList = D6526DE02603970C00CEAA47 /* Build configuration list for PBXNativeTarget "CovidApp" */;
			buildPhases = (
				E44BD4B42C00D84B072F28A7 /* [CP] Check Pods Manifest.lock */,
				D6526DC82603970B00CEAA47 /* Sources */,
				D6526DC92603970B00CEAA47 /* Frameworks */,
				D6526DCA2603970B00CEAA47 /* Resources */,
				501FB27223F7791945FA4980 /* [CP] Embed Pods Frameworks */,
			);
			buildRules = (
			);
			dependencies = (
			);
			name = CovidApp;
			productName = CovidApp;
			productReference = D6526DCC2603970B00CEAA47 /* CovidApp.app */;
			productType = "com.apple.product-type.application";
		};
/* End PBXNativeTarget section */

/* Begin PBXProject section */
		D6526DC42603970B00CEAA47 /* Project object */ = {
			isa = PBXProject;
			attributes = {
				LastSwiftUpdateCheck = 1240;
				LastUpgradeCheck = 1240;
				TargetAttributes = {
					D6526DCB2603970B00CEAA47 = {
						CreatedOnToolsVersion = 12.4;
					};
				};
			};
			buildConfigurationList = D6526DC72603970B00CEAA47 /* Build configuration list for PBXProject "CovidApp" */;
			compatibilityVersion = "Xcode 9.3";
			developmentRegion = en;
			hasScannedForEncodings = 0;
			knownRegions = (
				en,
				Base,
			);
			mainGroup = D6526DC32603970B00CEAA47;
			productRefGroup = D6526DCD2603970B00CEAA47 /* Products */;
			projectDirPath = "";
			projectRoot = "";
			targets = (
				D6526DCB2603970B00CEAA47 /* CovidApp */,
			);
		};
/* End PBXProject section */

/* Begin PBXResourcesBuildPhase section */
		D6526DCA2603970B00CEAA47 /* Resources */ = {
			isa = PBXResourcesBuildPhase;
			buildActionMask = 2147483647;
			files = (
				D6526DDC2603970C00CEAA47 /* LaunchScreen.storyboard in Resources */,
				D6526DD92603970C00CEAA47 /* Assets.xcassets in Resources */,
				D6526DD72603970B00CEAA47 /* Main.storyboard in Resources */,
			);
			runOnlyForDeploymentPostprocessing = 0;
		};
/* End PBXResourcesBuildPhase section */

/* Begin PBXShellScriptBuildPhase section */
		501FB27223F7791945FA4980 /* [CP] Embed Pods Frameworks */ = {
			isa = PBXShellScriptBuildPhase;
			buildActionMask = 2147483647;
			files = (
			);
			inputFileListPaths = (
				"${PODS_ROOT}/Target Support Files/Pods-CovidApp/Pods-CovidApp-frameworks-${CONFIGURATION}-input-files.xcfilelist",
			);
			name = "[CP] Embed Pods Frameworks";
			outputFileListPaths = (
				"${PODS_ROOT}/Target Support Files/Pods-CovidApp/Pods-CovidApp-frameworks-${CONFIGURATION}-output-files.xcfilelist",
			);
			runOnlyForDeploymentPostprocessing = 0;
			shellPath = /bin/sh;
			shellScript = "\"${PODS_ROOT}/Target Support Files/Pods-CovidApp/Pods-CovidApp-frameworks.sh\"\n";
			showEnvVarsInLog = 0;
		};
		E44BD4B42C00D84B072F28A7 /* [CP] Check Pods Manifest.lock */ = {
			isa = PBXShellScriptBuildPhase;
			buildActionMask = 2147483647;
			files = (
			);
			inputFileListPaths = (
			);
			inputPaths = (
				"${PODS_PODFILE_DIR_PATH}/Podfile.lock",
				"${PODS_ROOT}/Manifest.lock",
			);
			name = "[CP] Check Pods Manifest.lock";
			outputFileListPaths = (
			);
			outputPaths = (
				"$(DERIVED_FILE_DIR)/Pods-CovidApp-checkManifestLockResult.txt",
			);
			runOnlyForDeploymentPostprocessing = 0;
			shellPath = /bin/sh;
			shellScript = "diff \"${PODS_PODFILE_DIR_PATH}/Podfile.lock\" \"${PODS_ROOT}/Manifest.lock\" > /dev/null\nif [ $? != 0 ] ; then\n    # print error to STDERR\n    echo \"error: The sandbox is not in sync with the Podfile.lock. Run 'pod install' or update your CocoaPods installation.\" >&2\n    exit 1\nfi\n# This output is used by Xcode 'outputs' to avoid re-running this script phase.\necho \"SUCCESS\" > \"${SCRIPT_OUTPUT_FILE_0}\"\n";
			showEnvVarsInLog = 0;
		};
/* End PBXShellScriptBuildPhase section */

/* Begin PBXSourcesBuildPhase section */
		D6526DC82603970B00CEAA47 /* Sources */ = {
			isa = PBXSourcesBuildPhase;
			buildActionMask = 2147483647;
			files = (
				D6526DD42603970B00CEAA47 /* ViewController.swift in Sources */,
				D6775F922604F70E00EFFCD2 /* Entity.swift in Sources */,
				D666C7A4260862EE0082E76E /* HealthCheckViewController.swift in Sources */,
				D6526DE72603990200CEAA47 /* Colors.swift in Sources */,
				D6526DD02603970B00CEAA47 /* AppDelegate.swift in Sources */,
				D6775F962604F8FD00EFFCD2 /* API.swift in Sources */,
				D6526DD22603970B00CEAA47 /* SceneDelegate.swift in Sources */,
			);
			runOnlyForDeploymentPostprocessing = 0;
		};
/* End PBXSourcesBuildPhase section */

/* Begin PBXVariantGroup section */
		D6526DD52603970B00CEAA47 /* Main.storyboard */ = {
			isa = PBXVariantGroup;
			children = (
				D6526DD62603970B00CEAA47 /* Base */,
			);
			name = Main.storyboard;
			sourceTree = "<group>";
		};
		D6526DDA2603970C00CEAA47 /* LaunchScreen.storyboard */ = {
			isa = PBXVariantGroup;
			children = (
				D6526DDB2603970C00CEAA47 /* Base */,
			);
			name = LaunchScreen.storyboard;
			sourceTree = "<group>";
		};
/* End PBXVariantGroup section */

/* Begin XCBuildConfiguration section */
		D6526DDE2603970C00CEAA47 /* Debug */ = {
			isa = XCBuildConfiguration;
			buildSettings = {
				ALWAYS_SEARCH_USER_PATHS = NO;
				CLANG_ANALYZER_NONNULL = YES;
				CLANG_ANALYZER_NUMBER_OBJECT_CONVERSION = YES_AGGRESSIVE;
				CLANG_CXX_LANGUAGE_STANDARD = "gnu++14";
				CLANG_CXX_LIBRARY = "libc++";
				CLANG_ENABLE_MODULES = YES;
				CLANG_ENABLE_OBJC_ARC = YES;
				CLANG_ENABLE_OBJC_WEAK = YES;
				CLANG_WARN_BLOCK_CAPTURE_AUTORELEASING = YES;
				CLANG_WARN_BOOL_CONVERSION = YES;
				CLANG_WARN_COMMA = YES;
				CLANG_WARN_CONSTANT_CONVERSION = YES;
				CLANG_WARN_DEPRECATED_OBJC_IMPLEMENTATIONS = YES;
				CLANG_WARN_DIRECT_OBJC_ISA_USAGE = YES_ERROR;
				CLANG_WARN_DOCUMENTATION_COMMENTS = YES;
				CLANG_WARN_EMPTY_BODY = YES;
				CLANG_WARN_ENUM_CONVERSION = YES;
				CLANG_WARN_INFINITE_RECURSION = YES;
				CLANG_WARN_INT_CONVERSION = YES;
				CLANG_WARN_NON_LITERAL_NULL_CONVERSION = YES;
				CLANG_WARN_OBJC_IMPLICIT_RETAIN_SELF = YES;
				CLANG_WARN_OBJC_LITERAL_CONVERSION = YES;
				CLANG_WARN_OBJC_ROOT_CLASS = YES_ERROR;
				CLANG_WARN_QUOTED_INCLUDE_IN_FRAMEWORK_HEADER = YES;
				CLANG_WARN_RANGE_LOOP_ANALYSIS = YES;
				CLANG_WARN_STRICT_PROTOTYPES = YES;
				CLANG_WARN_SUSPICIOUS_MOVE = YES;
				CLANG_WARN_UNGUARDED_AVAILABILITY = YES_AGGRESSIVE;
				CLANG_WARN_UNREACHABLE_CODE = YES;
				CLANG_WARN__DUPLICATE_METHOD_MATCH = YES;
				COPY_PHASE_STRIP = NO;
				DEBUG_INFORMATION_FORMAT = dwarf;
				ENABLE_STRICT_OBJC_MSGSEND = YES;
				ENABLE_TESTABILITY = YES;
				GCC_C_LANGUAGE_STANDARD = gnu11;
				GCC_DYNAMIC_NO_PIC = NO;
				GCC_NO_COMMON_BLOCKS = YES;
				GCC_OPTIMIZATION_LEVEL = 0;
				GCC_PREPROCESSOR_DEFINITIONS = (
					"DEBUG=1",
					"$(inherited)",
				);
				GCC_WARN_64_TO_32_BIT_CONVERSION = YES;
				GCC_WARN_ABOUT_RETURN_TYPE = YES_ERROR;
				GCC_WARN_UNDECLARED_SELECTOR = YES;
				GCC_WARN_UNINITIALIZED_AUTOS = YES_AGGRESSIVE;
				GCC_WARN_UNUSED_FUNCTION = YES;
				GCC_WARN_UNUSED_VARIABLE = YES;
				IPHONEOS_DEPLOYMENT_TARGET = 14.4;
				MTL_ENABLE_DEBUG_INFO = INCLUDE_SOURCE;
				MTL_FAST_MATH = YES;
				ONLY_ACTIVE_ARCH = YES;
				SDKROOT = iphoneos;
				SWIFT_ACTIVE_COMPILATION_CONDITIONS = DEBUG;
				SWIFT_OPTIMIZATION_LEVEL = "-Onone";
			};
			name = Debug;
		};
		D6526DDF2603970C00CEAA47 /* Release */ = {
			isa = XCBuildConfiguration;
			buildSettings = {
				ALWAYS_SEARCH_USER_PATHS = NO;
				CLANG_ANALYZER_NONNULL = YES;
				CLANG_ANALYZER_NUMBER_OBJECT_CONVERSION = YES_AGGRESSIVE;
				CLANG_CXX_LANGUAGE_STANDARD = "gnu++14";
				CLANG_CXX_LIBRARY = "libc++";
				CLANG_ENABLE_MODULES = YES;
				CLANG_ENABLE_OBJC_ARC = YES;
				CLANG_ENABLE_OBJC_WEAK = YES;
				CLANG_WARN_BLOCK_CAPTURE_AUTORELEASING = YES;
				CLANG_WARN_BOOL_CONVERSION = YES;
				CLANG_WARN_COMMA = YES;
				CLANG_WARN_CONSTANT_CONVERSION = YES;
				CLANG_WARN_DEPRECATED_OBJC_IMPLEMENTATIONS = YES;
				CLANG_WARN_DIRECT_OBJC_ISA_USAGE = YES_ERROR;
				CLANG_WARN_DOCUMENTATION_COMMENTS = YES;
				CLANG_WARN_EMPTY_BODY = YES;
				CLANG_WARN_ENUM_CONVERSION = YES;
				CLANG_WARN_INFINITE_RECURSION = YES;
				CLANG_WARN_INT_CONVERSION = YES;
				CLANG_WARN_NON_LITERAL_NULL_CONVERSION = YES;
				CLANG_WARN_OBJC_IMPLICIT_RETAIN_SELF = YES;
				CLANG_WARN_OBJC_LITERAL_CONVERSION = YES;
				CLANG_WARN_OBJC_ROOT_CLASS = YES_ERROR;
				CLANG_WARN_QUOTED_INCLUDE_IN_FRAMEWORK_HEADER = YES;
				CLANG_WARN_RANGE_LOOP_ANALYSIS = YES;
				CLANG_WARN_STRICT_PROTOTYPES = YES;
				CLANG_WARN_SUSPICIOUS_MOVE = YES;
				CLANG_WARN_UNGUARDED_AVAILABILITY = YES_AGGRESSIVE;
				CLANG_WARN_UNREACHABLE_CODE = YES;
				CLANG_WARN__DUPLICATE_METHOD_MATCH = YES;
				COPY_PHASE_STRIP = NO;
				DEBUG_INFORMATION_FORMAT = "dwarf-with-dsym";
				ENABLE_NS_ASSERTIONS = NO;
				ENABLE_STRICT_OBJC_MSGSEND = YES;
				GCC_C_LANGUAGE_STANDARD = gnu11;
				GCC_NO_COMMON_BLOCKS = YES;
				GCC_WARN_64_TO_32_BIT_CONVERSION = YES;
				GCC_WARN_ABOUT_RETURN_TYPE = YES_ERROR;
				GCC_WARN_UNDECLARED_SELECTOR = YES;
				GCC_WARN_UNINITIALIZED_AUTOS = YES_AGGRESSIVE;
				GCC_WARN_UNUSED_FUNCTION = YES;
				GCC_WARN_UNUSED_VARIABLE = YES;
				IPHONEOS_DEPLOYMENT_TARGET = 14.4;
				MTL_ENABLE_DEBUG_INFO = NO;
				MTL_FAST_MATH = YES;
				SDKROOT = iphoneos;
				SWIFT_COMPILATION_MODE = wholemodule;
				SWIFT_OPTIMIZATION_LEVEL = "-O";
				VALIDATE_PRODUCT = YES;
			};
			name = Release;
		};
		D6526DE12603970C00CEAA47 /* Debug */ = {
			isa = XCBuildConfiguration;
			baseConfigurationReference = 65C737EACE89469840648869 /* Pods-CovidApp.debug.xcconfig */;
			buildSettings = {
				ASSETCATALOG_COMPILER_APPICON_NAME = AppIcon;
				ASSETCATALOG_COMPILER_GLOBAL_ACCENT_COLOR_NAME = AccentColor;
				CODE_SIGN_STYLE = Automatic;
				INFOPLIST_FILE = CovidApp/Info.plist;
				LD_RUNPATH_SEARCH_PATHS = (
					"$(inherited)",
					"@executable_path/Frameworks",
				);
				PRODUCT_BUNDLE_IDENTIFIER = com.futakumin.CovidApp;
				PRODUCT_NAME = "$(TARGET_NAME)";
				SWIFT_VERSION = 5.0;
				TARGETED_DEVICE_FAMILY = 1;
			};
			name = Debug;
		};
		D6526DE22603970C00CEAA47 /* Release */ = {
			isa = XCBuildConfiguration;
			baseConfigurationReference = FEF9966ABDCB21F9B0FF4FDF /* Pods-CovidApp.release.xcconfig */;
			buildSettings = {
				ASSETCATALOG_COMPILER_APPICON_NAME = AppIcon;
				ASSETCATALOG_COMPILER_GLOBAL_ACCENT_COLOR_NAME = AccentColor;
				CODE_SIGN_STYLE = Automatic;
				INFOPLIST_FILE = CovidApp/Info.plist;
				LD_RUNPATH_SEARCH_PATHS = (
					"$(inherited)",
					"@executable_path/Frameworks",
				);
				PRODUCT_BUNDLE_IDENTIFIER = com.futakumin.CovidApp;
				PRODUCT_NAME = "$(TARGET_NAME)";
				SWIFT_VERSION = 5.0;
				TARGETED_DEVICE_FAMILY = 1;
			};
			name = Release;
		};
/* End XCBuildConfiguration section */

/* Begin XCConfigurationList section */
		D6526DC72603970B00CEAA47 /* Build configuration list for PBXProject "CovidApp" */ = {
			isa = XCConfigurationList;
			buildConfigurations = (
				D6526DDE2603970C00CEAA47 /* Debug */,
				D6526DDF2603970C00CEAA47 /* Release */,
			);
			defaultConfigurationIsVisible = 0;
			defaultConfigurationName = Release;
		};
		D6526DE02603970C00CEAA47 /* Build configuration list for PBXNativeTarget "CovidApp" */ = {
			isa = XCConfigurationList;
			buildConfigurations = (
				D6526DE12603970C00CEAA47 /* Debug */,
				D6526DE22603970C00CEAA47 /* Release */,
			);
			defaultConfigurationIsVisible = 0;
			defaultConfigurationName = Release;
		};
/* End XCConfigurationList section */
	};
	rootObject = D6526DC42603970B00CEAA47 /* Project object */;
}
